{
  "requires": true,
  "lockfileVersion": 1,
  "dependencies": {
    "expo-barcode-scanner": {
      "version": "9.0.0",
      "resolved": "https://registry.npmjs.org/expo-barcode-scanner/-/expo-barcode-scanner-9.0.0.tgz",
      "integrity": "sha512-CxyQyn3EQ4+mXn6swBg4acF9uQazPd9Odlb9TOgcpTV6cDo8pxKFwB5m1H00909ea7DOTEYgPhDgEUphsCrenA==",
      "requires": {
        "lodash": "^4.6.0"
      }
    },
    "expo-status-bar": {
      "version": "1.0.2",
      "resolved": "https://registry.npmjs.org/expo-status-bar/-/expo-status-bar-1.0.2.tgz",
      "integrity": "sha512-5313u744GcLzCadxIPXyTkYw77++UXv1dXCuhYDxDbtsEf93iMra7WSvzyE8a7mRQLIIPRuGnBOdrL/V1C7EOQ=="
    },
    "js-tokens": {
      "version": "4.0.0",
      "resolved": "https://registry.npmjs.org/js-tokens/-/js-tokens-4.0.0.tgz",
      "integrity": "sha512-RdJUflcE3cUzKiMqQgsCu06FPu9UdIJO0beYbPhHN4k6apgJtifcoCtT9bcxOpYBtpD2kCM6Sbzg4CausW/PKQ=="
    },
    "lodash": {
      "version": "4.17.20",
      "resolved": "https://registry.npmjs.org/lodash/-/lodash-4.17.20.tgz",
      "integrity": "sha512-PlhdFcillOINfeV7Ni6oF1TAEayyZBoZ8bcshTHqOYJYlrqzRK5hagpagky5o4HfCzzd1TRkXPMFq6cKk9rGmA=="
    },
    "loose-envify": {
      "version": "1.4.0",
      "resolved": "https://registry.npmjs.org/loose-envify/-/loose-envify-1.4.0.tgz",
      "integrity": "sha512-lyuxPGr/Wfhrlem2CL/UcnUc1zcqKAImBDzukY7Y5F/yQiNdko6+fRLevlw1HgMySw7f611UIY408EtxRSoK3Q==",
      "requires": {
        "js-tokens": "^3.0.0 || ^4.0.0"
      }
    },
    "object-assign": {
      "version": "4.1.1",
      "resolved": "https://registry.npmjs.org/object-assign/-/object-assign-4.1.1.tgz",
      "integrity": "sha1-IQmtx5ZYh8/AXLvUQsrIv7s2CGM="
    },
    "prop-types": {
      "version": "15.7.2",
      "resolved": "https://registry.npmjs.org/prop-types/-/prop-types-15.7.2.tgz",
      "integrity": "sha512-8QQikdH7//R2vurIJSutZ1smHYTcLpRWEOlHnzcWHmBYrOGUysKwSsrC89BCiFj3CbrfJ/nXFdJepOVrY1GCHQ==",
      "requires": {
        "loose-envify": "^1.4.0",
        "object-assign": "^4.1.1",
        "react-is": "^16.8.1"
      }
    },
    "react-is": {
      "version": "16.13.1",
      "resolved": "https://registry.npmjs.org/react-is/-/react-is-16.13.1.tgz",
      "integrity": "sha512-24e6ynE2H+OKt4kqsOvNd8kBpV65zoxbA4BVsEOB3ARVWQki/DHzaUoC5KuON/BiccDaCCTZBuOcfZs70kR8bQ=="
    },
    "react-native-barcode-mask": {
      "version": "1.2.4",
      "resolved": "https://registry.npmjs.org/react-native-barcode-mask/-/react-native-barcode-mask-1.2.4.tgz",
      "integrity": "sha512-Jh3mEs/xUBs/z9mKkj2mM07MMQ2SdtW9mU4FOo5DQyA2kDte6lW87vIYFkWw1nxpzc7sy28ahMsgId8LTtKZsg==",
      "requires": {
        "prop-types": "^15.6.2"
      }
    },
    "react-native-safe-area-context": {
      "version": "3.1.8",
      "resolved": "https://registry.npmjs.org/react-native-safe-area-context/-/react-native-safe-area-context-3.1.8.tgz",
      "integrity": "sha512-9gUlsDZ96QwT9AKzA6aVWM/NX5rlJgauZ9HgCDVzKbe29UQYT1740QJnnaI2GExmkFGp6o7ZLNhCXZW95eYVFA=="
    }
  }
}
