# THIS IS AN AUTOGENERATED FILE. DO NOT EDIT THIS FILE DIRECTLY.
# yarn lockfile v1


expo-barcode-scanner@^9.0.0:
  version "9.0.0"
  resolved "https://registry.yarnpkg.com/expo-barcode-scanner/-/expo-barcode-scanner-9.0.0.tgz#6d071ca36560a496bcc9406abf11ce1d574cab23"
  integrity sha512-CxyQyn3EQ4+mXn6swBg4acF9uQazPd9Odlb9TOgcpTV6cDo8pxKFwB5m1H00909ea7DOTEYgPhDgEUphsCrenA==
  dependencies:
    lodash "^4.6.0"

expo-status-bar@^1.0.2:
  version "1.0.2"
  resolved "https://registry.yarnpkg.com/expo-status-bar/-/expo-status-bar-1.0.2.tgz#2441a77c56be31597898337b0d086981f2adefd8"
  integrity sha512-5313u744GcLzCadxIPXyTkYw77++UXv1dXCuhYDxDbtsEf93iMra7WSvzyE8a7mRQLIIPRuGnBOdrL/V1C7EOQ==

"js-tokens@^3.0.0 || ^4.0.0":
  version "4.0.0"
  resolved "https://registry.yarnpkg.com/js-tokens/-/js-tokens-4.0.0.tgz#19203fb59991df98e3a287050d4647cdeaf32499"
  integrity sha512-RdJUflcE3cUzKiMqQgsCu06FPu9UdIJO0beYbPhHN4k6apgJtifcoCtT9bcxOpYBtpD2kCM6Sbzg4CausW/PKQ==

lodash@^4.6.0:
  version "4.17.20"
  resolved "https://registry.yarnpkg.com/lodash/-/lodash-4.17.20.tgz#b44a9b6297bcb698f1c51a3545a2b3b368d59c52"
  integrity sha512-PlhdFcillOINfeV7Ni6oF1TAEayyZBoZ8bcshTHqOYJYlrqzRK5hagpagky5o4HfCzzd1TRkXPMFq6cKk9rGmA==

loose-envify@^1.4.0:
  version "1.4.0"
  resolved "https://registry.yarnpkg.com/loose-envify/-/loose-envify-1.4.0.tgz#71ee51fa7be4caec1a63839f7e682d8132d30caf"
  integrity sha512-lyuxPGr/Wfhrlem2CL/UcnUc1zcqKAImBDzukY7Y5F/yQiNdko6+fRLevlw1HgMySw7f611UIY408EtxRSoK3Q==
  dependencies:
    js-tokens "^3.0.0 || ^4.0.0"

object-assign@^4.1.1:
  version "4.1.1"
  resolved "https://registry.yarnpkg.com/object-assign/-/object-assign-4.1.1.tgz#2109adc7965887cfc05cbbd442cac8bfbb360863"
  integrity sha1-IQmtx5ZYh8/AXLvUQsrIv7s2CGM=

prop-types@^15.6.2:
  version "15.7.2"
  resolved "https://registry.yarnpkg.com/prop-types/-/prop-types-15.7.2.tgz#52c41e75b8c87e72b9d9360e0206b99dcbffa6c5"
  integrity sha512-8QQikdH7//R2vurIJSutZ1smHYTcLpRWEOlHnzcWHmBYrOGUysKwSsrC89BCiFj3CbrfJ/nXFdJepOVrY1GCHQ==
  dependencies:
    loose-envify "^1.4.0"
    object-assign "^4.1.1"
    react-is "^16.8.1"

react-is@^16.8.1:
  version "16.13.1"
  resolved "https://registry.yarnpkg.com/react-is/-/react-is-16.13.1.tgz#789729a4dc36de2999dc156dd6c1d9c18cea56a4"
  integrity sha512-24e6ynE2H+OKt4kqsOvNd8kBpV65zoxbA4BVsEOB3ARVWQki/DHzaUoC5KuON/BiccDaCCTZBuOcfZs70kR8bQ==

react-native-barcode-mask@^1.2.4:
  version "1.2.4"
  resolved "https://registry.yarnpkg.com/react-native-barcode-mask/-/react-native-barcode-mask-1.2.4.tgz#271b868d1d9040e04b9f8f32ec4ee6f6a2639b3b"
  integrity sha512-Jh3mEs/xUBs/z9mKkj2mM07MMQ2SdtW9mU4FOo5DQyA2kDte6lW87vIYFkWw1nxpzc7sy28ahMsgId8LTtKZsg==
  dependencies:
    prop-types "^15.6.2"

react-native-safe-area-context@^3.1.8:
  version "3.1.8"
  resolved "https://registry.yarnpkg.com/react-native-safe-area-context/-/react-native-safe-area-context-3.1.8.tgz#7a9883aa0f38f9c77d4bef2b89e4e285bc1024a3"
  integrity sha512-9gUlsDZ96QwT9AKzA6aVWM/NX5rlJgauZ9HgCDVzKbe29UQYT1740QJnnaI2GExmkFGp6o7ZLNhCXZW95eYVFA==
